# This file is autogenerated, do not edit; changes may be undone by the next 'dep ensure'.


[[projects]]
  branch = "master"
  digest = "1:6726437ac0e60c0904e7eba21dfcc7c47f260e194027820229d0c98e328e1269"
  name = "github.com/auth0/go-jwt-middleware"
  packages = ["."]
  pruneopts = "UT"
  revision = "36081240882bbf356af6efb152969e4b0bcf4456"

[[projects]]
  digest = "1:76dc72490af7174349349838f2fe118996381b31ea83243812a97e5a0fd5ed55"
  name = "github.com/dgrijalva/jwt-go"
  packages = ["."]
  pruneopts = "UT"
  revision = "06ea1031745cb8b3dab3f6a236daf2b0aa468b7e"
  version = "v3.2.0"

[[projects]]
  branch = "master"
  digest = "1:60b610a7674df23c38ce0cec4b09e3e139dd72ef97178deee4e4c1b5b0429dd3"
  name = "github.com/futurenda/google-auth-id-token-verifier"
  packages = ["."]
  pruneopts = "UT"
  revision = "2a5b89f28b7e414a23e04fdf768f14740a4ec2ed"

[[projects]]
  digest = "1:9b678d4adcff3f52856870f7b1c66751b4a571e32213be6222cdd9ee4001e6fb"
  name = "github.com/go-pg/migrations"
  packages = ["."]
  pruneopts = "UT"
  revision = "507ad1fcc046a356ccf947b5b486e9ecc7097d37"
  version = "v6.7.3"

[[projects]]
  digest = "1:f9448bfab8ebe44e3d91e4e4475cf92d60789a614652f361df4e41972c9d5caf"
  name = "github.com/go-pg/pg"
  packages = [
    ".",
    "internal",
    "internal/iszero",
    "internal/parser",
    "internal/pool",
    "internal/struct_filter",
    "internal/tag",
    "orm",
    "types",
  ]
  pruneopts = "UT"
  revision = "1d957cb20f319c4a1e2db7d345824c12aefe5943"
  version = "v8.0.6"

[[projects]]
  digest = "1:b117faf01abdbdadd7b8ceeae74cd1369c1b073fef41aee8b674c9d704a54c16"
  name = "github.com/gorilla/handlers"
  packages = ["."]
  pruneopts = "UT"
  revision = "8a3748addc242fc560bd6d4ff28b0374c010b1b4"
  version = "v1.4.2"

[[projects]]
  digest = "1:25ebe6496abb289ef977c081b2d49f56dd97c32db4ca083d37f95923909ced02"
  name = "github.com/gorilla/mux"
  packages = ["."]
  pruneopts = "UT"
  revision = "75dcda0896e109a2a22c9315bca3bb21b87b2ba5"
  version = "v1.7.4"

[[projects]]
  digest = "1:01a3bf7bc37c96547897d253f8437c89cd8e80ea0211ff5f440fbc19f44cd14e"
  name = "github.com/graphql-go/graphql"
  packages = [
    ".",
    "gqlerrors",
    "language/ast",
    "language/kinds",
    "language/lexer",
    "language/location",
    "language/parser",
    "language/printer",
    "language/source",
    "language/typeInfo",
    "language/visitor",
  ]
  pruneopts = "UT"
  revision = "02caa8943d64d9cd60bd67f2bc163676716bb963"
  version = "v0.7.9"

[[projects]]
  digest = "1:fef0874d72d1f1f1cb61d390980fef4abdfb9d4a52446556e4414627833e3702"
  name = "github.com/graphql-go/handler"
  packages = ["."]
  pruneopts = "UT"
  revision = "c1267356e6539d975e83bbea383c2bbb861dce5b"
  version = "v0.2.3"

[[projects]]
  branch = "master"
  digest = "1:87087e4e4d9e653cdb0c9a6a46c96c8cc3e1b7056894e120b84714d15a49a5f8"
  name = "github.com/graphql-go/relay"
  packages = ["."]
  pruneopts = "UT"
  revision = "54350098cfe5942bc76186efa1f29ca286f6d54d"

[[projects]]
  digest = "1:d0fd048e36f6d46cdb8424cac7109244d73db58a07dff2cb389cb9a6c64499bb"
  name = "github.com/jackc/pgx"
  packages = [
    ".",
    "chunkreader",
    "internal/sanitize",
    "pgio",
    "pgproto3",
    "pgtype",
  ]
  pruneopts = "UT"
  revision = "a413de981978e4100d5736af7aaa2b392511612f"
  version = "v3.6.2"

[[projects]]
  digest = "1:01ed62f8f4f574d8aff1d88caee113700a2b44c42351943fa73cc1808f736a50"
  name = "github.com/jinzhu/inflection"
  packages = ["."]
  pruneopts = "UT"
  revision = "f5c5f50e6090ae76a29240b61ae2a90dd810112e"
  version = "v1.0.0"

[[projects]]
  digest = "1:ecd9aa82687cf31d1585d4ac61d0ba180e42e8a6182b85bd785fcca8dfeefc1b"
  name = "github.com/joho/godotenv"
  packages = ["."]
  pruneopts = "UT"
  revision = "23d116af351c84513e1946b527c88823e476be13"
  version = "v1.3.0"

[[projects]]
  digest = "1:9e1d37b58d17113ec3cb5608ac0382313c5b59470b94ed97d0976e69c7022314"
  name = "github.com/pkg/errors"
  packages = ["."]
  pruneopts = "UT"
  revision = "614d223910a179a466c1767a985424175c39b465"
  version = "v0.9.1"

[[projects]]
  digest = "1:c5dfe46811af7e2eff7c11fc84b6c841520338613c056f659f262d5a4fb42fa8"
  name = "github.com/rs/cors"
  packages = ["."]
  pruneopts = "UT"
  revision = "db0fe48135e83b5812a5a31be0eea66984b1b521"
  version = "v1.7.0"

[[projects]]
  branch = "master"
  digest = "1:f92f6956e4059f6a3efc14924d2dd58ba90da25cc57fe07ae3779ef2f5e0c5f2"
  name = "golang.org/x/crypto"
  packages = ["pbkdf2"]
  pruneopts = "UT"
  revision = "0848c9571904fcbcb24543358ca8b5a7dbfde875"

[[projects]]
  branch = "master"
  digest = "1:76ee51c3f468493aff39dbacc401e8831fbb765104cbf613b89bef01cf4bad70"
  name = "golang.org/x/net"
  packages = ["context"]
  pruneopts = "UT"
  revision = "e086a090c8fdb9982880f0fb6e3db47af1856533"

[[projects]]
  branch = "master"
  digest = "1:f48dcc7c037c6bd8642a067c6265bc7217fa09e39274d453750c9308cd8ae06a"
  name = "golang.org/x/oauth2"
  packages = ["jws"]
  pruneopts = "UT"
  revision = "bf48bf16ab8d622ce64ec6ce98d2c98f916b6303"

[[projects]]
  digest = "1:5f1559c4cee44069f81517430ebba19589869f3d4d4648213a4d5ddd199b11d8"
  name = "golang.org/x/text"
  packages = [
    "cases",
    "collate",
    "collate/build",
    "internal",
    "internal/colltab",
    "internal/gen",
    "internal/language",
    "internal/language/compact",
    "internal/tag",
    "internal/triegen",
    "internal/ucd",
    "language",
    "runes",
    "secure/bidirule",
    "secure/precis",
    "transform",
    "unicode/bidi",
    "unicode/cldr",
    "unicode/norm",
    "unicode/rangetable",
    "width",
  ]
  pruneopts = "UT"
  revision = "342b2e1fbaa52c93f31447ad2c6abc048c63e475"
  version = "v0.3.2"

[[projects]]
  digest = "1:999d566ad1ae4303c456af5a155f7b42401cca4fd33552567ed9dd997b107a08"
  name = "mellium.im/sasl"
  packages = ["."]
  pruneopts = "UT"
  revision = "e58e780e1378aa4df5dc705364ff5ae9a4dd1e04"
  version = "v0.2.1"

[solve-meta]
  analyzer-name = "dep"
  analyzer-version = 1
  input-imports = [
    "github.com/auth0/go-jwt-middleware",
    "github.com/dgrijalva/jwt-go",
    "github.com/futurenda/google-auth-id-token-verifier",
    "github.com/go-pg/migrations",
    "github.com/go-pg/pg",
    "github.com/gorilla/handlers",
    "github.com/gorilla/mux",
    "github.com/graphql-go/graphql",
    "github.com/graphql-go/handler",
    "github.com/graphql-go/relay",
    "github.com/jackc/pgx",
    "github.com/joho/godotenv",
    "github.com/rs/cors",
  ]
  solver-name = "gps-cdcl"
  solver-version = 1
